<?xml version="1.0" encoding="utf-8"?>
<Project ToolsVersion="15.0" xmlns="http://schemas.microsoft.com/developer/msbuild/2003">
  <ItemGroup>
    <ClCompile Include="OpenFrameworksTOP.cpp" />
    <ClCompile Include="src\Clone.cpp">
      <Filter>src</Filter>
    </ClCompile>
    <ClCompile Include="src\TargetMesh.cpp">
      <Filter>src</Filter>
    </ClCompile>
    <ClCompile Include="..\..\..\addons\ofxFaceTracker2\src\ofxFaceTracker2.cpp">
      <Filter>addons</Filter>
    </ClCompile>
    <ClCompile Include="..\..\..\addons\ofxFaceTracker2\src\ofxFaceTracker2Instance.cpp">
      <Filter>addons</Filter>
    </ClCompile>
    <ClCompile Include="..\..\..\addons\ofxFaceTracker2\src\ofxFaceTracker2Landmarks.cpp">
      <Filter>addons</Filter>
    </ClCompile>
    <ClCompile Include="..\..\..\addons\ofxCv\libs\CLD\src\ETF.cpp">
      <Filter>addons</Filter>
    </ClCompile>
    <ClCompile Include="..\..\..\addons\ofxCv\libs\CLD\src\fdog.cpp">
      <Filter>addons</Filter>
    </ClCompile>
    <ClCompile Include="..\..\..\addons\ofxCv\libs\ofxCv\src\Distance.cpp">
      <Filter>addons</Filter>
    </ClCompile>
    <ClCompile Include="..\..\..\addons\ofxCv\libs\ofxCv\src\Flow.cpp">
      <Filter>addons</Filter>
    </ClCompile>
    <ClCompile Include="..\..\..\addons\ofxCv\libs\ofxCv\src\Helpers.cpp">
      <Filter>addons</Filter>
    </ClCompile>
    <ClCompile Include="..\..\..\addons\ofxCv\libs\ofxCv\src\Kalman.cpp">
      <Filter>addons</Filter>
    </ClCompile>
    <ClCompile Include="..\..\..\addons\ofxCv\libs\ofxCv\src\ObjectFinder.cpp">
      <Filter>addons</Filter>
    </ClCompile>
    <ClCompile Include="..\..\..\addons\ofxCv\libs\ofxCv\src\RunningBackground.cpp">
      <Filter>addons</Filter>
    </ClCompile>
    <ClCompile Include="..\..\..\addons\ofxCv\libs\ofxCv\src\Tracker.cpp">
      <Filter>addons</Filter>
    </ClCompile>
    <ClCompile Include="..\..\..\addons\ofxCv\libs\ofxCv\src\Utilities.cpp">
      <Filter>addons</Filter>
    </ClCompile>
    <ClCompile Include="..\..\..\addons\ofxCv\libs\ofxCv\src\Wrappers.cpp">
      <Filter>addons</Filter>
    </ClCompile>
    <ClCompile Include="..\..\..\addons\ofxCv\libs\ofxCv\src\Calibration.cpp">
      <Filter>addons</Filter>
    </ClCompile>
    <ClCompile Include="..\..\..\addons\ofxCv\libs\ofxCv\src\ContourFinder.cpp">
      <Filter>addons</Filter>
    </ClCompile>
    <ClCompile Include="src\MultiFaceTracker.cpp">
      <Filter>src</Filter>
    </ClCompile>
  </ItemGroup>
  <ItemGroup>
    <ClInclude Include="CPlusPlus_Common.h" />
    <ClInclude Include="OpenFrameworksTOP.h" />
    <ClInclude Include="TOP_CPlusPlusBase.h" />
    <ClInclude Include="Header.h" />
    <ClInclude Include="src\Clone.h">
      <Filter>src</Filter>
    </ClInclude>
    <ClInclude Include="src\Coord.h">
      <Filter>src</Filter>
    </ClInclude>
    <ClInclude Include="src\TargetMesh.h">
      <Filter>src</Filter>
    </ClInclude>
    <ClInclude Include="..\..\..\addons\ofxFaceTracker2\src\ofxFaceTracker2.h">
      <Filter>addons</Filter>
    </ClInclude>
    <ClInclude Include="..\..\..\addons\ofxFaceTracker2\src\ofxFaceTracker2InputInfo.h">
      <Filter>addons</Filter>
    </ClInclude>
    <ClInclude Include="..\..\..\addons\ofxFaceTracker2\src\ofxFaceTracker2Instance.h">
      <Filter>addons</Filter>
    </ClInclude>
    <ClInclude Include="..\..\..\addons\ofxFaceTracker2\src\ofxFaceTracker2Landmarks.h">
      <Filter>addons</Filter>
    </ClInclude>
    <ClInclude Include="..\..\..\addons\ofxCv\src\ofxCv.h">
      <Filter>addons</Filter>
    </ClInclude>
    <ClInclude Include="..\..\..\addons\ofxCv\libs\CLD\include\CLD\ETF.h">
      <Filter>addons</Filter>
    </ClInclude>
    <ClInclude Include="..\..\..\addons\ofxCv\libs\CLD\include\CLD\fdog.h">
      <Filter>addons</Filter>
    </ClInclude>
    <ClInclude Include="..\..\..\addons\ofxCv\libs\CLD\include\CLD\imatrix.h">
      <Filter>addons</Filter>
    </ClInclude>
    <ClInclude Include="..\..\..\addons\ofxCv\libs\CLD\include\CLD\myvec.h">
      <Filter>addons</Filter>
    </ClInclude>
    <ClInclude Include="src\MultiFaceTracker.h">
      <Filter>src</Filter>
    </ClInclude>
  </ItemGroup>
  <ItemGroup>
    <ResourceCompile Include="icon.rc" />
  </ItemGroup>
  <ItemGroup>
    <Filter Include="src">
      <UniqueIdentifier>{64f5a465-c69e-4038-9a72-a24a2c14af0f}</UniqueIdentifier>
    </Filter>
    <Filter Include="addons">
      <UniqueIdentifier>{b35b7e35-599f-4500-887b-ea3ea8571365}</UniqueIdentifier>
    </Filter>
    <Filter Include="shaders">
      <UniqueIdentifier>{fa2fb6eb-323a-46bf-9b46-c2bbea4b73eb}</UniqueIdentifier>
    </Filter>
    <Filter Include="shaders\cloneMask">
      <UniqueIdentifier>{7bd38faf-7fb5-4026-84c1-f908e1904b96}</UniqueIdentifier>
    </Filter>
    <Filter Include="shaders\maskBlur">
      <UniqueIdentifier>{0082b398-d5a9-4de5-a234-f1c477787f68}</UniqueIdentifier>
    </Filter>
    <Filter Include="shaders\maskBlur2">
      <UniqueIdentifier>{4c6e6aca-504b-474e-9f8d-f519fd37ee27}</UniqueIdentifier>
    </Filter>
    <Filter Include="shaders\debug">
      <UniqueIdentifier>{9a06a4f1-361b-40c3-bf3f-0912e86fb4f2}</UniqueIdentifier>
    </Filter>
  </ItemGroup>
  <ItemGroup>
    <Text Include="Notes.txt">
      <Filter>src</Filter>
    </Text>
  </ItemGroup>
  <ItemGroup>
    <None Include="bin\data\maskBlur\shader.frag">
      <Filter>shaders\maskBlur</Filter>
    </None>
    <None Include="bin\data\cloneShader\shader.frag">
      <Filter>shaders\cloneMask</Filter>
    </None>
    <None Include="bin\data\cloneShader\shader.vert">
      <Filter>shaders\cloneMask</Filter>
    </None>
    <None Include="bin\data\maskBlur\shader.vert">
      <Filter>shaders\maskBlur</Filter>
    </None>
    <None Include="bin\data\maskBlur2\shader.vert">
      <Filter>shaders\maskBlur2</Filter>
    </None>
    <None Include="bin\data\maskBlur2\shader.frag">
      <Filter>shaders\maskBlur2</Filter>
    </None>
    <None Include="bin\data\debug\shader.vert">
      <Filter>shaders\debug</Filter>
    </None>
    <None Include="bin\data\debug\shader.frag">
      <Filter>shaders\debug</Filter>
    </None>
  </ItemGroup>
</Project>